
Microsoft Visual Studio Solution File, Format Version 12.00
# Visual Studio Version 17
VisualStudioVersion = 17.14.36908.2 d17.14
MinimumVisualStudioVersion = 10.0.40219.1
Project("{C9674DCB-5085-4A16-B785-4C70DD1589BD}") = "SharkTankETL", "SharkTankETL\SharkTankETL.dtproj", "{D81302DD-A9B1-ACE3-EADE-B5ED44DDE61A}"
EndProject
Global
	GlobalSection(SolutionConfigurationPlatforms) = preSolution
		Development|Default = Development|Default
	EndGlobalSection
	GlobalSection(ProjectConfigurationPlatforms) = postSolution
		{D81302DD-A9B1-ACE3-EADE-B5ED44DDE61A}.Development|Default.ActiveCfg = Development
		{D81302DD-A9B1-ACE3-EADE-B5ED44DDE61A}.Development|Default.Build.0 = Development
	EndGlobalSection
	GlobalSection(SolutionProperties) = preSolution
		HideSolutionNode = FALSE
	EndGlobalSection
	GlobalSection(ExtensibilityGlobals) = postSolution
		SolutionGuid = {AFF5A9C9-43D9-4169-829E-7B12CFAABC32}
	EndGlobalSection
EndGlobal
